<?xml version="1.0" encoding="utf-8"?>
<Project ToolsVersion="16.0" xmlns="http://schemas.microsoft.com/developer/msbuild/2003">
  <ItemGroup>
    <CustomBuild Include="E:\UMD\Course\CMSC 828X\Assignments\HW2\Libraries\Testing\CMakeFiles\e3eba974c5d2d322a6c7a7fafdd01e68\INSTALL_force.rule">
      <Filter>CMake Rules</Filter>
    </CustomBuild>
  </ItemGroup>
  <ItemGroup>
    <Filter Include="CMake Rules">
      <UniqueIdentifier>{F1376006-0ED9-3DE9-8A0E-C4AD1F837614}</UniqueIdentifier>
    </Filter>
  </ItemGroup>
</Project>
