
Microsoft Visual Studio Solution File, Format Version 12.00
# Visual Studio Version 16
VisualStudioVersion = 16.0.29230.47
MinimumVisualStudioVersion = 10.0.40219.1
Project("{2150E333-8FDC-42A3-9474-1A3956D46DE8}") = "CMakePredefinedTargets", "CMakePredefinedTargets", "{828CBF9D-5EFA-31B7-8D30-7D6E9FCFC111}"
EndProject
Project("{2150E333-8FDC-42A3-9474-1A3956D46DE8}") = "GLFW3", "GLFW3", "{46E2EA9A-CA86-30C1-83EF-EE461E7EF9DF}"
EndProject
Project("{8BC9CEB8-8B4A-11D0-8D11-00A0C91BC942}") = "ALL_BUILD", "ALL_BUILD.vcxproj", "{60FB71F3-D22C-3773-A582-81C0770FC47C}"
	ProjectSection(ProjectDependencies) = postProject
		{FB4609EF-E167-3F1D-B57E-59D4E3EE654B} = {FB4609EF-E167-3F1D-B57E-59D4E3EE654B}
		{C6F58291-E6CE-3C28-BF2C-FC5C259570D2} = {C6F58291-E6CE-3C28-BF2C-FC5C259570D2}
		{F036F4F1-B528-3085-A438-D6BA3E869DC4} = {F036F4F1-B528-3085-A438-D6BA3E869DC4}
		{651A5A51-68C9-37E7-84F5-087B0764B8B0} = {651A5A51-68C9-37E7-84F5-087B0764B8B0}
		{4348FC16-B687-3D43-B0B6-AA70237010E9} = {4348FC16-B687-3D43-B0B6-AA70237010E9}
	EndProjectSection
EndProject
Project("{8BC9CEB8-8B4A-11D0-8D11-00A0C91BC942}") = "INSTALL", "INSTALL.vcxproj", "{0F4BEC06-E7DC-3C9D-B289-B4F6200653C4}"
	ProjectSection(ProjectDependencies) = postProject
		{60FB71F3-D22C-3773-A582-81C0770FC47C} = {60FB71F3-D22C-3773-A582-81C0770FC47C}
		{FB4609EF-E167-3F1D-B57E-59D4E3EE654B} = {FB4609EF-E167-3F1D-B57E-59D4E3EE654B}
	EndProjectSection
EndProject
Project("{8BC9CEB8-8B4A-11D0-8D11-00A0C91BC942}") = "RUN_TESTS", "RUN_TESTS.vcxproj", "{A3AF052A-D491-3F30-867A-487AA4D052CF}"
	ProjectSection(ProjectDependencies) = postProject
		{FB4609EF-E167-3F1D-B57E-59D4E3EE654B} = {FB4609EF-E167-3F1D-B57E-59D4E3EE654B}
	EndProjectSection
EndProject
Project("{8BC9CEB8-8B4A-11D0-8D11-00A0C91BC942}") = "ZERO_CHECK", "..\ZERO_CHECK.vcxproj", "{FB4609EF-E167-3F1D-B57E-59D4E3EE654B}"
EndProject
Project("{8BC9CEB8-8B4A-11D0-8D11-00A0C91BC942}") = "glfw", "nanogui\ext_build\glfw\src\glfw.vcxproj", "{AAFC7110-79C3-3779-A6C6-02099E43D6A0}"
	ProjectSection(ProjectDependencies) = postProject
		{FB4609EF-E167-3F1D-B57E-59D4E3EE654B} = {FB4609EF-E167-3F1D-B57E-59D4E3EE654B}
		{C6F58291-E6CE-3C28-BF2C-FC5C259570D2} = {C6F58291-E6CE-3C28-BF2C-FC5C259570D2}
	EndProjectSection
EndProject
Project("{8BC9CEB8-8B4A-11D0-8D11-00A0C91BC942}") = "glfw_objects", "nanogui\ext_build\glfw\src\glfw_objects.vcxproj", "{C6F58291-E6CE-3C28-BF2C-FC5C259570D2}"
	ProjectSection(ProjectDependencies) = postProject
		{FB4609EF-E167-3F1D-B57E-59D4E3EE654B} = {FB4609EF-E167-3F1D-B57E-59D4E3EE654B}
	EndProjectSection
EndProject
Project("{8BC9CEB8-8B4A-11D0-8D11-00A0C91BC942}") = "nanogui", "nanogui\nanogui.vcxproj", "{F036F4F1-B528-3085-A438-D6BA3E869DC4}"
	ProjectSection(ProjectDependencies) = postProject
		{FB4609EF-E167-3F1D-B57E-59D4E3EE654B} = {FB4609EF-E167-3F1D-B57E-59D4E3EE654B}
		{C6F58291-E6CE-3C28-BF2C-FC5C259570D2} = {C6F58291-E6CE-3C28-BF2C-FC5C259570D2}
		{651A5A51-68C9-37E7-84F5-087B0764B8B0} = {651A5A51-68C9-37E7-84F5-087B0764B8B0}
	EndProjectSection
EndProject
Project("{8BC9CEB8-8B4A-11D0-8D11-00A0C91BC942}") = "nanogui-obj", "nanogui\nanogui-obj.vcxproj", "{651A5A51-68C9-37E7-84F5-087B0764B8B0}"
	ProjectSection(ProjectDependencies) = postProject
		{FB4609EF-E167-3F1D-B57E-59D4E3EE654B} = {FB4609EF-E167-3F1D-B57E-59D4E3EE654B}
	EndProjectSection
EndProject
Project("{8BC9CEB8-8B4A-11D0-8D11-00A0C91BC942}") = "reactphysics3d", "..\reactphysics3d.vcxproj", "{AF96A74B-44EA-3AE9-AC1E-8855816EC0FC}"
	ProjectSection(ProjectDependencies) = postProject
		{FB4609EF-E167-3F1D-B57E-59D4E3EE654B} = {FB4609EF-E167-3F1D-B57E-59D4E3EE654B}
	EndProjectSection
EndProject
Project("{8BC9CEB8-8B4A-11D0-8D11-00A0C91BC942}") = "testbed", "testbed.vcxproj", "{4348FC16-B687-3D43-B0B6-AA70237010E9}"
	ProjectSection(ProjectDependencies) = postProject
		{FB4609EF-E167-3F1D-B57E-59D4E3EE654B} = {FB4609EF-E167-3F1D-B57E-59D4E3EE654B}
		{F036F4F1-B528-3085-A438-D6BA3E869DC4} = {F036F4F1-B528-3085-A438-D6BA3E869DC4}
		{AF96A74B-44EA-3AE9-AC1E-8855816EC0FC} = {AF96A74B-44EA-3AE9-AC1E-8855816EC0FC}
	EndProjectSection
EndProject
Global
	GlobalSection(SolutionConfigurationPlatforms) = preSolution
		Debug|Win32 = Debug|Win32
		MinSizeRel|Win32 = MinSizeRel|Win32
		Release|Win32 = Release|Win32
		RelWithDebInfo|Win32 = RelWithDebInfo|Win32
	EndGlobalSection
	GlobalSection(ProjectConfigurationPlatforms) = postSolution
		{60FB71F3-D22C-3773-A582-81C0770FC47C}.Debug|Win32.ActiveCfg = Debug|Win32
		{60FB71F3-D22C-3773-A582-81C0770FC47C}.Debug|Win32.Build.0 = Debug|Win32
		{60FB71F3-D22C-3773-A582-81C0770FC47C}.MinSizeRel|Win32.ActiveCfg = MinSizeRel|Win32
		{60FB71F3-D22C-3773-A582-81C0770FC47C}.MinSizeRel|Win32.Build.0 = MinSizeRel|Win32
		{60FB71F3-D22C-3773-A582-81C0770FC47C}.Release|Win32.ActiveCfg = Release|Win32
		{60FB71F3-D22C-3773-A582-81C0770FC47C}.Release|Win32.Build.0 = Release|Win32
		{60FB71F3-D22C-3773-A582-81C0770FC47C}.RelWithDebInfo|Win32.ActiveCfg = RelWithDebInfo|Win32
		{60FB71F3-D22C-3773-A582-81C0770FC47C}.RelWithDebInfo|Win32.Build.0 = RelWithDebInfo|Win32
		{0F4BEC06-E7DC-3C9D-B289-B4F6200653C4}.Debug|Win32.ActiveCfg = Debug|Win32
		{0F4BEC06-E7DC-3C9D-B289-B4F6200653C4}.MinSizeRel|Win32.ActiveCfg = MinSizeRel|Win32
		{0F4BEC06-E7DC-3C9D-B289-B4F6200653C4}.Release|Win32.ActiveCfg = Release|Win32
		{0F4BEC06-E7DC-3C9D-B289-B4F6200653C4}.RelWithDebInfo|Win32.ActiveCfg = RelWithDebInfo|Win32
		{A3AF052A-D491-3F30-867A-487AA4D052CF}.Debug|Win32.ActiveCfg = Debug|Win32
		{A3AF052A-D491-3F30-867A-487AA4D052CF}.MinSizeRel|Win32.ActiveCfg = MinSizeRel|Win32
		{A3AF052A-D491-3F30-867A-487AA4D052CF}.Release|Win32.ActiveCfg = Release|Win32
		{A3AF052A-D491-3F30-867A-487AA4D052CF}.RelWithDebInfo|Win32.ActiveCfg = RelWithDebInfo|Win32
		{FB4609EF-E167-3F1D-B57E-59D4E3EE654B}.Debug|Win32.ActiveCfg = Debug|Win32
		{FB4609EF-E167-3F1D-B57E-59D4E3EE654B}.Debug|Win32.Build.0 = Debug|Win32
		{FB4609EF-E167-3F1D-B57E-59D4E3EE654B}.MinSizeRel|Win32.ActiveCfg = MinSizeRel|Win32
		{FB4609EF-E167-3F1D-B57E-59D4E3EE654B}.MinSizeRel|Win32.Build.0 = MinSizeRel|Win32
		{FB4609EF-E167-3F1D-B57E-59D4E3EE654B}.Release|Win32.ActiveCfg = Release|Win32
		{FB4609EF-E167-3F1D-B57E-59D4E3EE654B}.Release|Win32.Build.0 = Release|Win32
		{FB4609EF-E167-3F1D-B57E-59D4E3EE654B}.RelWithDebInfo|Win32.ActiveCfg = RelWithDebInfo|Win32
		{FB4609EF-E167-3F1D-B57E-59D4E3EE654B}.RelWithDebInfo|Win32.Build.0 = RelWithDebInfo|Win32
		{AAFC7110-79C3-3779-A6C6-02099E43D6A0}.Debug|Win32.ActiveCfg = Debug|Win32
		{AAFC7110-79C3-3779-A6C6-02099E43D6A0}.MinSizeRel|Win32.ActiveCfg = MinSizeRel|Win32
		{AAFC7110-79C3-3779-A6C6-02099E43D6A0}.Release|Win32.ActiveCfg = Release|Win32
		{AAFC7110-79C3-3779-A6C6-02099E43D6A0}.RelWithDebInfo|Win32.ActiveCfg = RelWithDebInfo|Win32
		{C6F58291-E6CE-3C28-BF2C-FC5C259570D2}.Debug|Win32.ActiveCfg = Debug|Win32
		{C6F58291-E6CE-3C28-BF2C-FC5C259570D2}.Debug|Win32.Build.0 = Debug|Win32
		{C6F58291-E6CE-3C28-BF2C-FC5C259570D2}.MinSizeRel|Win32.ActiveCfg = MinSizeRel|Win32
		{C6F58291-E6CE-3C28-BF2C-FC5C259570D2}.MinSizeRel|Win32.Build.0 = MinSizeRel|Win32
		{C6F58291-E6CE-3C28-BF2C-FC5C259570D2}.Release|Win32.ActiveCfg = Release|Win32
		{C6F58291-E6CE-3C28-BF2C-FC5C259570D2}.Release|Win32.Build.0 = Release|Win32
		{C6F58291-E6CE-3C28-BF2C-FC5C259570D2}.RelWithDebInfo|Win32.ActiveCfg = RelWithDebInfo|Win32
		{C6F58291-E6CE-3C28-BF2C-FC5C259570D2}.RelWithDebInfo|Win32.Build.0 = RelWithDebInfo|Win32
		{F036F4F1-B528-3085-A438-D6BA3E869DC4}.Debug|Win32.ActiveCfg = Debug|Win32
		{F036F4F1-B528-3085-A438-D6BA3E869DC4}.Debug|Win32.Build.0 = Debug|Win32
		{F036F4F1-B528-3085-A438-D6BA3E869DC4}.MinSizeRel|Win32.ActiveCfg = MinSizeRel|Win32
		{F036F4F1-B528-3085-A438-D6BA3E869DC4}.MinSizeRel|Win32.Build.0 = MinSizeRel|Win32
		{F036F4F1-B528-3085-A438-D6BA3E869DC4}.Release|Win32.ActiveCfg = Release|Win32
		{F036F4F1-B528-3085-A438-D6BA3E869DC4}.Release|Win32.Build.0 = Release|Win32
		{F036F4F1-B528-3085-A438-D6BA3E869DC4}.RelWithDebInfo|Win32.ActiveCfg = RelWithDebInfo|Win32
		{F036F4F1-B528-3085-A438-D6BA3E869DC4}.RelWithDebInfo|Win32.Build.0 = RelWithDebInfo|Win32
		{651A5A51-68C9-37E7-84F5-087B0764B8B0}.Debug|Win32.ActiveCfg = Debug|Win32
		{651A5A51-68C9-37E7-84F5-087B0764B8B0}.Debug|Win32.Build.0 = Debug|Win32
		{651A5A51-68C9-37E7-84F5-087B0764B8B0}.MinSizeRel|Win32.ActiveCfg = MinSizeRel|Win32
		{651A5A51-68C9-37E7-84F5-087B0764B8B0}.MinSizeRel|Win32.Build.0 = MinSizeRel|Win32
		{651A5A51-68C9-37E7-84F5-087B0764B8B0}.Release|Win32.ActiveCfg = Release|Win32
		{651A5A51-68C9-37E7-84F5-087B0764B8B0}.Release|Win32.Build.0 = Release|Win32
		{651A5A51-68C9-37E7-84F5-087B0764B8B0}.RelWithDebInfo|Win32.ActiveCfg = RelWithDebInfo|Win32
		{651A5A51-68C9-37E7-84F5-087B0764B8B0}.RelWithDebInfo|Win32.Build.0 = RelWithDebInfo|Win32
		{AF96A74B-44EA-3AE9-AC1E-8855816EC0FC}.Debug|Win32.ActiveCfg = Debug|Win32
		{AF96A74B-44EA-3AE9-AC1E-8855816EC0FC}.Debug|Win32.Build.0 = Debug|Win32
		{AF96A74B-44EA-3AE9-AC1E-8855816EC0FC}.MinSizeRel|Win32.ActiveCfg = MinSizeRel|Win32
		{AF96A74B-44EA-3AE9-AC1E-8855816EC0FC}.MinSizeRel|Win32.Build.0 = MinSizeRel|Win32
		{AF96A74B-44EA-3AE9-AC1E-8855816EC0FC}.Release|Win32.ActiveCfg = Release|Win32
		{AF96A74B-44EA-3AE9-AC1E-8855816EC0FC}.Release|Win32.Build.0 = Release|Win32
		{AF96A74B-44EA-3AE9-AC1E-8855816EC0FC}.RelWithDebInfo|Win32.ActiveCfg = RelWithDebInfo|Win32
		{AF96A74B-44EA-3AE9-AC1E-8855816EC0FC}.RelWithDebInfo|Win32.Build.0 = RelWithDebInfo|Win32
		{4348FC16-B687-3D43-B0B6-AA70237010E9}.Debug|Win32.ActiveCfg = Debug|Win32
		{4348FC16-B687-3D43-B0B6-AA70237010E9}.Debug|Win32.Build.0 = Debug|Win32
		{4348FC16-B687-3D43-B0B6-AA70237010E9}.MinSizeRel|Win32.ActiveCfg = MinSizeRel|Win32
		{4348FC16-B687-3D43-B0B6-AA70237010E9}.MinSizeRel|Win32.Build.0 = MinSizeRel|Win32
		{4348FC16-B687-3D43-B0B6-AA70237010E9}.Release|Win32.ActiveCfg = Release|Win32
		{4348FC16-B687-3D43-B0B6-AA70237010E9}.Release|Win32.Build.0 = Release|Win32
		{4348FC16-B687-3D43-B0B6-AA70237010E9}.RelWithDebInfo|Win32.ActiveCfg = RelWithDebInfo|Win32
		{4348FC16-B687-3D43-B0B6-AA70237010E9}.RelWithDebInfo|Win32.Build.0 = RelWithDebInfo|Win32
	EndGlobalSection
	GlobalSection(SolutionProperties) = preSolution
		HideSolutionNode = FALSE
	EndGlobalSection
	GlobalSection(NestedProjects) = preSolution
		{60FB71F3-D22C-3773-A582-81C0770FC47C} = {828CBF9D-5EFA-31B7-8D30-7D6E9FCFC111}
		{0F4BEC06-E7DC-3C9D-B289-B4F6200653C4} = {828CBF9D-5EFA-31B7-8D30-7D6E9FCFC111}
		{A3AF052A-D491-3F30-867A-487AA4D052CF} = {828CBF9D-5EFA-31B7-8D30-7D6E9FCFC111}
		{FB4609EF-E167-3F1D-B57E-59D4E3EE654B} = {828CBF9D-5EFA-31B7-8D30-7D6E9FCFC111}
		{AAFC7110-79C3-3779-A6C6-02099E43D6A0} = {46E2EA9A-CA86-30C1-83EF-EE461E7EF9DF}
	EndGlobalSection
	GlobalSection(ExtensibilityGlobals) = postSolution
		SolutionGuid = {DF5E4108-D096-348B-93FB-D53F61428091}
	EndGlobalSection
EndGlobal
