<?xml version="1.0" encoding="utf-8"?>
<Project ToolsVersion="16.0" xmlns="http://schemas.microsoft.com/developer/msbuild/2003">
  <ItemGroup>
    <CustomBuild Include="E:\UMD\Course\CMSC 828X\Assignments\HW2\Libraries\reactphysics3d-0.7.1\reactphysics3d-0.7.1\testbed\nanogui\CMakeLists.txt" />
  </ItemGroup>
  <ItemGroup>
    <Object Include="E:\UMD\Course\CMSC 828X\Assignments\HW2\Libraries\Testing\testbed\nanogui\nanogui-obj.dir\$(Configuration)\nanovg.obj">
      <Filter>Object Libraries</Filter>
    </Object>
    <Object Include="E:\UMD\Course\CMSC 828X\Assignments\HW2\Libraries\Testing\testbed\nanogui\nanogui-obj.dir\$(Configuration)\glad.obj">
      <Filter>Object Libraries</Filter>
    </Object>
    <Object Include="E:\UMD\Course\CMSC 828X\Assignments\HW2\Libraries\Testing\testbed\nanogui\nanogui-obj.dir\$(Configuration)\nanogui_resources.obj">
      <Filter>Object Libraries</Filter>
    </Object>
    <Object Include="E:\UMD\Course\CMSC 828X\Assignments\HW2\Libraries\Testing\testbed\nanogui\nanogui-obj.dir\$(Configuration)\glutil.obj">
      <Filter>Object Libraries</Filter>
    </Object>
    <Object Include="E:\UMD\Course\CMSC 828X\Assignments\HW2\Libraries\Testing\testbed\nanogui\nanogui-obj.dir\$(Configuration)\common.obj">
      <Filter>Object Libraries</Filter>
    </Object>
    <Object Include="E:\UMD\Course\CMSC 828X\Assignments\HW2\Libraries\Testing\testbed\nanogui\nanogui-obj.dir\$(Configuration)\widget.obj">
      <Filter>Object Libraries</Filter>
    </Object>
    <Object Include="E:\UMD\Course\CMSC 828X\Assignments\HW2\Libraries\Testing\testbed\nanogui\nanogui-obj.dir\$(Configuration)\theme.obj">
      <Filter>Object Libraries</Filter>
    </Object>
    <Object Include="E:\UMD\Course\CMSC 828X\Assignments\HW2\Libraries\Testing\testbed\nanogui\nanogui-obj.dir\$(Configuration)\layout.obj">
      <Filter>Object Libraries</Filter>
    </Object>
    <Object Include="E:\UMD\Course\CMSC 828X\Assignments\HW2\Libraries\Testing\testbed\nanogui\nanogui-obj.dir\$(Configuration)\screen.obj">
      <Filter>Object Libraries</Filter>
    </Object>
    <Object Include="E:\UMD\Course\CMSC 828X\Assignments\HW2\Libraries\Testing\testbed\nanogui\nanogui-obj.dir\$(Configuration)\label.obj">
      <Filter>Object Libraries</Filter>
    </Object>
    <Object Include="E:\UMD\Course\CMSC 828X\Assignments\HW2\Libraries\Testing\testbed\nanogui\nanogui-obj.dir\$(Configuration)\window.obj">
      <Filter>Object Libraries</Filter>
    </Object>
    <Object Include="E:\UMD\Course\CMSC 828X\Assignments\HW2\Libraries\Testing\testbed\nanogui\nanogui-obj.dir\$(Configuration)\popup.obj">
      <Filter>Object Libraries</Filter>
    </Object>
    <Object Include="E:\UMD\Course\CMSC 828X\Assignments\HW2\Libraries\Testing\testbed\nanogui\nanogui-obj.dir\$(Configuration)\checkbox.obj">
      <Filter>Object Libraries</Filter>
    </Object>
    <Object Include="E:\UMD\Course\CMSC 828X\Assignments\HW2\Libraries\Testing\testbed\nanogui\nanogui-obj.dir\$(Configuration)\button.obj">
      <Filter>Object Libraries</Filter>
    </Object>
    <Object Include="E:\UMD\Course\CMSC 828X\Assignments\HW2\Libraries\Testing\testbed\nanogui\nanogui-obj.dir\$(Configuration)\popupbutton.obj">
      <Filter>Object Libraries</Filter>
    </Object>
    <Object Include="E:\UMD\Course\CMSC 828X\Assignments\HW2\Libraries\Testing\testbed\nanogui\nanogui-obj.dir\$(Configuration)\combobox.obj">
      <Filter>Object Libraries</Filter>
    </Object>
    <Object Include="E:\UMD\Course\CMSC 828X\Assignments\HW2\Libraries\Testing\testbed\nanogui\nanogui-obj.dir\$(Configuration)\progressbar.obj">
      <Filter>Object Libraries</Filter>
    </Object>
    <Object Include="E:\UMD\Course\CMSC 828X\Assignments\HW2\Libraries\Testing\testbed\nanogui\nanogui-obj.dir\$(Configuration)\slider.obj">
      <Filter>Object Libraries</Filter>
    </Object>
    <Object Include="E:\UMD\Course\CMSC 828X\Assignments\HW2\Libraries\Testing\testbed\nanogui\nanogui-obj.dir\$(Configuration)\messagedialog.obj">
      <Filter>Object Libraries</Filter>
    </Object>
    <Object Include="E:\UMD\Course\CMSC 828X\Assignments\HW2\Libraries\Testing\testbed\nanogui\nanogui-obj.dir\$(Configuration)\textbox.obj">
      <Filter>Object Libraries</Filter>
    </Object>
    <Object Include="E:\UMD\Course\CMSC 828X\Assignments\HW2\Libraries\Testing\testbed\nanogui\nanogui-obj.dir\$(Configuration)\imagepanel.obj">
      <Filter>Object Libraries</Filter>
    </Object>
    <Object Include="E:\UMD\Course\CMSC 828X\Assignments\HW2\Libraries\Testing\testbed\nanogui\nanogui-obj.dir\$(Configuration)\imageview.obj">
      <Filter>Object Libraries</Filter>
    </Object>
    <Object Include="E:\UMD\Course\CMSC 828X\Assignments\HW2\Libraries\Testing\testbed\nanogui\nanogui-obj.dir\$(Configuration)\vscrollpanel.obj">
      <Filter>Object Libraries</Filter>
    </Object>
    <Object Include="E:\UMD\Course\CMSC 828X\Assignments\HW2\Libraries\Testing\testbed\nanogui\nanogui-obj.dir\$(Configuration)\colorwheel.obj">
      <Filter>Object Libraries</Filter>
    </Object>
    <Object Include="E:\UMD\Course\CMSC 828X\Assignments\HW2\Libraries\Testing\testbed\nanogui\nanogui-obj.dir\$(Configuration)\colorpicker.obj">
      <Filter>Object Libraries</Filter>
    </Object>
    <Object Include="E:\UMD\Course\CMSC 828X\Assignments\HW2\Libraries\Testing\testbed\nanogui\nanogui-obj.dir\$(Configuration)\graph.obj">
      <Filter>Object Libraries</Filter>
    </Object>
    <Object Include="E:\UMD\Course\CMSC 828X\Assignments\HW2\Libraries\Testing\testbed\nanogui\nanogui-obj.dir\$(Configuration)\stackedwidget.obj">
      <Filter>Object Libraries</Filter>
    </Object>
    <Object Include="E:\UMD\Course\CMSC 828X\Assignments\HW2\Libraries\Testing\testbed\nanogui\nanogui-obj.dir\$(Configuration)\tabheader.obj">
      <Filter>Object Libraries</Filter>
    </Object>
    <Object Include="E:\UMD\Course\CMSC 828X\Assignments\HW2\Libraries\Testing\testbed\nanogui\nanogui-obj.dir\$(Configuration)\tabwidget.obj">
      <Filter>Object Libraries</Filter>
    </Object>
    <Object Include="E:\UMD\Course\CMSC 828X\Assignments\HW2\Libraries\Testing\testbed\nanogui\nanogui-obj.dir\$(Configuration)\glcanvas.obj">
      <Filter>Object Libraries</Filter>
    </Object>
    <Object Include="E:\UMD\Course\CMSC 828X\Assignments\HW2\Libraries\Testing\testbed\nanogui\nanogui-obj.dir\$(Configuration)\serializer.obj">
      <Filter>Object Libraries</Filter>
    </Object>
    <Object Include="E:\UMD\Course\CMSC 828X\Assignments\HW2\Libraries\Testing\testbed\nanogui\ext_build\glfw\src\glfw_objects.dir\$(Configuration)\context.obj">
      <Filter>Object Libraries</Filter>
    </Object>
    <Object Include="E:\UMD\Course\CMSC 828X\Assignments\HW2\Libraries\Testing\testbed\nanogui\ext_build\glfw\src\glfw_objects.dir\$(Configuration)\init.obj">
      <Filter>Object Libraries</Filter>
    </Object>
    <Object Include="E:\UMD\Course\CMSC 828X\Assignments\HW2\Libraries\Testing\testbed\nanogui\ext_build\glfw\src\glfw_objects.dir\$(Configuration)\input.obj">
      <Filter>Object Libraries</Filter>
    </Object>
    <Object Include="E:\UMD\Course\CMSC 828X\Assignments\HW2\Libraries\Testing\testbed\nanogui\ext_build\glfw\src\glfw_objects.dir\$(Configuration)\monitor.obj">
      <Filter>Object Libraries</Filter>
    </Object>
    <Object Include="E:\UMD\Course\CMSC 828X\Assignments\HW2\Libraries\Testing\testbed\nanogui\ext_build\glfw\src\glfw_objects.dir\$(Configuration)\vulkan.obj">
      <Filter>Object Libraries</Filter>
    </Object>
    <Object Include="E:\UMD\Course\CMSC 828X\Assignments\HW2\Libraries\Testing\testbed\nanogui\ext_build\glfw\src\glfw_objects.dir\$(Configuration)\window.obj">
      <Filter>Object Libraries</Filter>
    </Object>
    <Object Include="E:\UMD\Course\CMSC 828X\Assignments\HW2\Libraries\Testing\testbed\nanogui\ext_build\glfw\src\glfw_objects.dir\$(Configuration)\win32_init.obj">
      <Filter>Object Libraries</Filter>
    </Object>
    <Object Include="E:\UMD\Course\CMSC 828X\Assignments\HW2\Libraries\Testing\testbed\nanogui\ext_build\glfw\src\glfw_objects.dir\$(Configuration)\win32_joystick.obj">
      <Filter>Object Libraries</Filter>
    </Object>
    <Object Include="E:\UMD\Course\CMSC 828X\Assignments\HW2\Libraries\Testing\testbed\nanogui\ext_build\glfw\src\glfw_objects.dir\$(Configuration)\win32_monitor.obj">
      <Filter>Object Libraries</Filter>
    </Object>
    <Object Include="E:\UMD\Course\CMSC 828X\Assignments\HW2\Libraries\Testing\testbed\nanogui\ext_build\glfw\src\glfw_objects.dir\$(Configuration)\win32_time.obj">
      <Filter>Object Libraries</Filter>
    </Object>
    <Object Include="E:\UMD\Course\CMSC 828X\Assignments\HW2\Libraries\Testing\testbed\nanogui\ext_build\glfw\src\glfw_objects.dir\$(Configuration)\win32_tls.obj">
      <Filter>Object Libraries</Filter>
    </Object>
    <Object Include="E:\UMD\Course\CMSC 828X\Assignments\HW2\Libraries\Testing\testbed\nanogui\ext_build\glfw\src\glfw_objects.dir\$(Configuration)\win32_window.obj">
      <Filter>Object Libraries</Filter>
    </Object>
    <Object Include="E:\UMD\Course\CMSC 828X\Assignments\HW2\Libraries\Testing\testbed\nanogui\ext_build\glfw\src\glfw_objects.dir\$(Configuration)\wgl_context.obj">
      <Filter>Object Libraries</Filter>
    </Object>
    <Object Include="E:\UMD\Course\CMSC 828X\Assignments\HW2\Libraries\Testing\testbed\nanogui\ext_build\glfw\src\glfw_objects.dir\$(Configuration)\egl_context.obj">
      <Filter>Object Libraries</Filter>
    </Object>
  </ItemGroup>
  <ItemGroup>
    <Filter Include="Object Libraries">
      <UniqueIdentifier>{1ED35A36-4216-3EFD-8E66-92840233137F}</UniqueIdentifier>
    </Filter>
  </ItemGroup>
</Project>
