<?xml version="1.0" encoding="utf-8"?>
<Project ToolsVersion="16.0" xmlns="http://schemas.microsoft.com/developer/msbuild/2003">
  <ItemGroup>
    <ClCompile Include="E:\UMD\Course\CMSC 828X\Assignments\HW2\Libraries\reactphysics3d-0.7.1\reactphysics3d-0.7.1\src\engine\Timer.cpp">
      <Filter>Source Files</Filter>
    </ClCompile>
    <ClCompile Include="E:\UMD\Course\CMSC 828X\Assignments\HW2\Libraries\reactphysics3d-0.7.1\reactphysics3d-0.7.1\src\body\Body.cpp">
      <Filter>Source Files</Filter>
    </ClCompile>
    <ClCompile Include="E:\UMD\Course\CMSC 828X\Assignments\HW2\Libraries\reactphysics3d-0.7.1\reactphysics3d-0.7.1\src\body\CollisionBody.cpp">
      <Filter>Source Files</Filter>
    </ClCompile>
    <ClCompile Include="E:\UMD\Course\CMSC 828X\Assignments\HW2\Libraries\reactphysics3d-0.7.1\reactphysics3d-0.7.1\src\body\RigidBody.cpp">
      <Filter>Source Files</Filter>
    </ClCompile>
    <ClCompile Include="E:\UMD\Course\CMSC 828X\Assignments\HW2\Libraries\reactphysics3d-0.7.1\reactphysics3d-0.7.1\src\collision\ContactManifoldInfo.cpp">
      <Filter>Source Files</Filter>
    </ClCompile>
    <ClCompile Include="E:\UMD\Course\CMSC 828X\Assignments\HW2\Libraries\reactphysics3d-0.7.1\reactphysics3d-0.7.1\src\collision\broadphase\BroadPhaseAlgorithm.cpp">
      <Filter>Source Files</Filter>
    </ClCompile>
    <ClCompile Include="E:\UMD\Course\CMSC 828X\Assignments\HW2\Libraries\reactphysics3d-0.7.1\reactphysics3d-0.7.1\src\collision\broadphase\DynamicAABBTree.cpp">
      <Filter>Source Files</Filter>
    </ClCompile>
    <ClCompile Include="E:\UMD\Course\CMSC 828X\Assignments\HW2\Libraries\reactphysics3d-0.7.1\reactphysics3d-0.7.1\src\collision\narrowphase\DefaultCollisionDispatch.cpp">
      <Filter>Source Files</Filter>
    </ClCompile>
    <ClCompile Include="E:\UMD\Course\CMSC 828X\Assignments\HW2\Libraries\reactphysics3d-0.7.1\reactphysics3d-0.7.1\src\collision\narrowphase\GJK\VoronoiSimplex.cpp">
      <Filter>Source Files</Filter>
    </ClCompile>
    <ClCompile Include="E:\UMD\Course\CMSC 828X\Assignments\HW2\Libraries\reactphysics3d-0.7.1\reactphysics3d-0.7.1\src\collision\narrowphase\GJK\GJKAlgorithm.cpp">
      <Filter>Source Files</Filter>
    </ClCompile>
    <ClCompile Include="E:\UMD\Course\CMSC 828X\Assignments\HW2\Libraries\reactphysics3d-0.7.1\reactphysics3d-0.7.1\src\collision\narrowphase\SAT\SATAlgorithm.cpp">
      <Filter>Source Files</Filter>
    </ClCompile>
    <ClCompile Include="E:\UMD\Course\CMSC 828X\Assignments\HW2\Libraries\reactphysics3d-0.7.1\reactphysics3d-0.7.1\src\collision\narrowphase\SphereVsSphereAlgorithm.cpp">
      <Filter>Source Files</Filter>
    </ClCompile>
    <ClCompile Include="E:\UMD\Course\CMSC 828X\Assignments\HW2\Libraries\reactphysics3d-0.7.1\reactphysics3d-0.7.1\src\collision\narrowphase\CapsuleVsCapsuleAlgorithm.cpp">
      <Filter>Source Files</Filter>
    </ClCompile>
    <ClCompile Include="E:\UMD\Course\CMSC 828X\Assignments\HW2\Libraries\reactphysics3d-0.7.1\reactphysics3d-0.7.1\src\collision\narrowphase\SphereVsCapsuleAlgorithm.cpp">
      <Filter>Source Files</Filter>
    </ClCompile>
    <ClCompile Include="E:\UMD\Course\CMSC 828X\Assignments\HW2\Libraries\reactphysics3d-0.7.1\reactphysics3d-0.7.1\src\collision\narrowphase\SphereVsConvexPolyhedronAlgorithm.cpp">
      <Filter>Source Files</Filter>
    </ClCompile>
    <ClCompile Include="E:\UMD\Course\CMSC 828X\Assignments\HW2\Libraries\reactphysics3d-0.7.1\reactphysics3d-0.7.1\src\collision\narrowphase\CapsuleVsConvexPolyhedronAlgorithm.cpp">
      <Filter>Source Files</Filter>
    </ClCompile>
    <ClCompile Include="E:\UMD\Course\CMSC 828X\Assignments\HW2\Libraries\reactphysics3d-0.7.1\reactphysics3d-0.7.1\src\collision\narrowphase\ConvexPolyhedronVsConvexPolyhedronAlgorithm.cpp">
      <Filter>Source Files</Filter>
    </ClCompile>
    <ClCompile Include="E:\UMD\Course\CMSC 828X\Assignments\HW2\Libraries\reactphysics3d-0.7.1\reactphysics3d-0.7.1\src\collision\shapes\AABB.cpp">
      <Filter>Source Files</Filter>
    </ClCompile>
    <ClCompile Include="E:\UMD\Course\CMSC 828X\Assignments\HW2\Libraries\reactphysics3d-0.7.1\reactphysics3d-0.7.1\src\collision\shapes\ConvexShape.cpp">
      <Filter>Source Files</Filter>
    </ClCompile>
    <ClCompile Include="E:\UMD\Course\CMSC 828X\Assignments\HW2\Libraries\reactphysics3d-0.7.1\reactphysics3d-0.7.1\src\collision\shapes\ConvexPolyhedronShape.cpp">
      <Filter>Source Files</Filter>
    </ClCompile>
    <ClCompile Include="E:\UMD\Course\CMSC 828X\Assignments\HW2\Libraries\reactphysics3d-0.7.1\reactphysics3d-0.7.1\src\collision\shapes\ConcaveShape.cpp">
      <Filter>Source Files</Filter>
    </ClCompile>
    <ClCompile Include="E:\UMD\Course\CMSC 828X\Assignments\HW2\Libraries\reactphysics3d-0.7.1\reactphysics3d-0.7.1\src\collision\shapes\BoxShape.cpp">
      <Filter>Source Files</Filter>
    </ClCompile>
    <ClCompile Include="E:\UMD\Course\CMSC 828X\Assignments\HW2\Libraries\reactphysics3d-0.7.1\reactphysics3d-0.7.1\src\collision\shapes\CapsuleShape.cpp">
      <Filter>Source Files</Filter>
    </ClCompile>
    <ClCompile Include="E:\UMD\Course\CMSC 828X\Assignments\HW2\Libraries\reactphysics3d-0.7.1\reactphysics3d-0.7.1\src\collision\shapes\CollisionShape.cpp">
      <Filter>Source Files</Filter>
    </ClCompile>
    <ClCompile Include="E:\UMD\Course\CMSC 828X\Assignments\HW2\Libraries\reactphysics3d-0.7.1\reactphysics3d-0.7.1\src\collision\shapes\ConvexMeshShape.cpp">
      <Filter>Source Files</Filter>
    </ClCompile>
    <ClCompile Include="E:\UMD\Course\CMSC 828X\Assignments\HW2\Libraries\reactphysics3d-0.7.1\reactphysics3d-0.7.1\src\collision\shapes\SphereShape.cpp">
      <Filter>Source Files</Filter>
    </ClCompile>
    <ClCompile Include="E:\UMD\Course\CMSC 828X\Assignments\HW2\Libraries\reactphysics3d-0.7.1\reactphysics3d-0.7.1\src\collision\shapes\TriangleShape.cpp">
      <Filter>Source Files</Filter>
    </ClCompile>
    <ClCompile Include="E:\UMD\Course\CMSC 828X\Assignments\HW2\Libraries\reactphysics3d-0.7.1\reactphysics3d-0.7.1\src\collision\shapes\ConcaveMeshShape.cpp">
      <Filter>Source Files</Filter>
    </ClCompile>
    <ClCompile Include="E:\UMD\Course\CMSC 828X\Assignments\HW2\Libraries\reactphysics3d-0.7.1\reactphysics3d-0.7.1\src\collision\shapes\HeightFieldShape.cpp">
      <Filter>Source Files</Filter>
    </ClCompile>
    <ClCompile Include="E:\UMD\Course\CMSC 828X\Assignments\HW2\Libraries\reactphysics3d-0.7.1\reactphysics3d-0.7.1\src\collision\RaycastInfo.cpp">
      <Filter>Source Files</Filter>
    </ClCompile>
    <ClCompile Include="E:\UMD\Course\CMSC 828X\Assignments\HW2\Libraries\reactphysics3d-0.7.1\reactphysics3d-0.7.1\src\collision\ProxyShape.cpp">
      <Filter>Source Files</Filter>
    </ClCompile>
    <ClCompile Include="E:\UMD\Course\CMSC 828X\Assignments\HW2\Libraries\reactphysics3d-0.7.1\reactphysics3d-0.7.1\src\collision\TriangleVertexArray.cpp">
      <Filter>Source Files</Filter>
    </ClCompile>
    <ClCompile Include="E:\UMD\Course\CMSC 828X\Assignments\HW2\Libraries\reactphysics3d-0.7.1\reactphysics3d-0.7.1\src\collision\PolygonVertexArray.cpp">
      <Filter>Source Files</Filter>
    </ClCompile>
    <ClCompile Include="E:\UMD\Course\CMSC 828X\Assignments\HW2\Libraries\reactphysics3d-0.7.1\reactphysics3d-0.7.1\src\collision\TriangleMesh.cpp">
      <Filter>Source Files</Filter>
    </ClCompile>
    <ClCompile Include="E:\UMD\Course\CMSC 828X\Assignments\HW2\Libraries\reactphysics3d-0.7.1\reactphysics3d-0.7.1\src\collision\PolyhedronMesh.cpp">
      <Filter>Source Files</Filter>
    </ClCompile>
    <ClCompile Include="E:\UMD\Course\CMSC 828X\Assignments\HW2\Libraries\reactphysics3d-0.7.1\reactphysics3d-0.7.1\src\collision\HalfEdgeStructure.cpp">
      <Filter>Source Files</Filter>
    </ClCompile>
    <ClCompile Include="E:\UMD\Course\CMSC 828X\Assignments\HW2\Libraries\reactphysics3d-0.7.1\reactphysics3d-0.7.1\src\collision\CollisionDetection.cpp">
      <Filter>Source Files</Filter>
    </ClCompile>
    <ClCompile Include="E:\UMD\Course\CMSC 828X\Assignments\HW2\Libraries\reactphysics3d-0.7.1\reactphysics3d-0.7.1\src\collision\NarrowPhaseInfo.cpp">
      <Filter>Source Files</Filter>
    </ClCompile>
    <ClCompile Include="E:\UMD\Course\CMSC 828X\Assignments\HW2\Libraries\reactphysics3d-0.7.1\reactphysics3d-0.7.1\src\collision\ContactManifold.cpp">
      <Filter>Source Files</Filter>
    </ClCompile>
    <ClCompile Include="E:\UMD\Course\CMSC 828X\Assignments\HW2\Libraries\reactphysics3d-0.7.1\reactphysics3d-0.7.1\src\collision\ContactManifoldSet.cpp">
      <Filter>Source Files</Filter>
    </ClCompile>
    <ClCompile Include="E:\UMD\Course\CMSC 828X\Assignments\HW2\Libraries\reactphysics3d-0.7.1\reactphysics3d-0.7.1\src\collision\MiddlePhaseTriangleCallback.cpp">
      <Filter>Source Files</Filter>
    </ClCompile>
    <ClCompile Include="E:\UMD\Course\CMSC 828X\Assignments\HW2\Libraries\reactphysics3d-0.7.1\reactphysics3d-0.7.1\src\constraint\BallAndSocketJoint.cpp">
      <Filter>Source Files</Filter>
    </ClCompile>
    <ClCompile Include="E:\UMD\Course\CMSC 828X\Assignments\HW2\Libraries\reactphysics3d-0.7.1\reactphysics3d-0.7.1\src\constraint\ContactPoint.cpp">
      <Filter>Source Files</Filter>
    </ClCompile>
    <ClCompile Include="E:\UMD\Course\CMSC 828X\Assignments\HW2\Libraries\reactphysics3d-0.7.1\reactphysics3d-0.7.1\src\constraint\FixedJoint.cpp">
      <Filter>Source Files</Filter>
    </ClCompile>
    <ClCompile Include="E:\UMD\Course\CMSC 828X\Assignments\HW2\Libraries\reactphysics3d-0.7.1\reactphysics3d-0.7.1\src\constraint\HingeJoint.cpp">
      <Filter>Source Files</Filter>
    </ClCompile>
    <ClCompile Include="E:\UMD\Course\CMSC 828X\Assignments\HW2\Libraries\reactphysics3d-0.7.1\reactphysics3d-0.7.1\src\constraint\Joint.cpp">
      <Filter>Source Files</Filter>
    </ClCompile>
    <ClCompile Include="E:\UMD\Course\CMSC 828X\Assignments\HW2\Libraries\reactphysics3d-0.7.1\reactphysics3d-0.7.1\src\constraint\SliderJoint.cpp">
      <Filter>Source Files</Filter>
    </ClCompile>
    <ClCompile Include="E:\UMD\Course\CMSC 828X\Assignments\HW2\Libraries\reactphysics3d-0.7.1\reactphysics3d-0.7.1\src\engine\CollisionWorld.cpp">
      <Filter>Source Files</Filter>
    </ClCompile>
    <ClCompile Include="E:\UMD\Course\CMSC 828X\Assignments\HW2\Libraries\reactphysics3d-0.7.1\reactphysics3d-0.7.1\src\engine\ConstraintSolver.cpp">
      <Filter>Source Files</Filter>
    </ClCompile>
    <ClCompile Include="E:\UMD\Course\CMSC 828X\Assignments\HW2\Libraries\reactphysics3d-0.7.1\reactphysics3d-0.7.1\src\engine\ContactSolver.cpp">
      <Filter>Source Files</Filter>
    </ClCompile>
    <ClCompile Include="E:\UMD\Course\CMSC 828X\Assignments\HW2\Libraries\reactphysics3d-0.7.1\reactphysics3d-0.7.1\src\engine\DynamicsWorld.cpp">
      <Filter>Source Files</Filter>
    </ClCompile>
    <ClCompile Include="E:\UMD\Course\CMSC 828X\Assignments\HW2\Libraries\reactphysics3d-0.7.1\reactphysics3d-0.7.1\src\engine\Island.cpp">
      <Filter>Source Files</Filter>
    </ClCompile>
    <ClCompile Include="E:\UMD\Course\CMSC 828X\Assignments\HW2\Libraries\reactphysics3d-0.7.1\reactphysics3d-0.7.1\src\engine\Material.cpp">
      <Filter>Source Files</Filter>
    </ClCompile>
    <ClCompile Include="E:\UMD\Course\CMSC 828X\Assignments\HW2\Libraries\reactphysics3d-0.7.1\reactphysics3d-0.7.1\src\engine\OverlappingPair.cpp">
      <Filter>Source Files</Filter>
    </ClCompile>
    <ClCompile Include="E:\UMD\Course\CMSC 828X\Assignments\HW2\Libraries\reactphysics3d-0.7.1\reactphysics3d-0.7.1\src\collision\CollisionCallback.cpp">
      <Filter>Source Files</Filter>
    </ClCompile>
    <ClCompile Include="E:\UMD\Course\CMSC 828X\Assignments\HW2\Libraries\reactphysics3d-0.7.1\reactphysics3d-0.7.1\src\mathematics\mathematics_functions.cpp">
      <Filter>Source Files</Filter>
    </ClCompile>
    <ClCompile Include="E:\UMD\Course\CMSC 828X\Assignments\HW2\Libraries\reactphysics3d-0.7.1\reactphysics3d-0.7.1\src\mathematics\Matrix2x2.cpp">
      <Filter>Source Files</Filter>
    </ClCompile>
    <ClCompile Include="E:\UMD\Course\CMSC 828X\Assignments\HW2\Libraries\reactphysics3d-0.7.1\reactphysics3d-0.7.1\src\mathematics\Matrix3x3.cpp">
      <Filter>Source Files</Filter>
    </ClCompile>
    <ClCompile Include="E:\UMD\Course\CMSC 828X\Assignments\HW2\Libraries\reactphysics3d-0.7.1\reactphysics3d-0.7.1\src\mathematics\Quaternion.cpp">
      <Filter>Source Files</Filter>
    </ClCompile>
    <ClCompile Include="E:\UMD\Course\CMSC 828X\Assignments\HW2\Libraries\reactphysics3d-0.7.1\reactphysics3d-0.7.1\src\mathematics\Transform.cpp">
      <Filter>Source Files</Filter>
    </ClCompile>
    <ClCompile Include="E:\UMD\Course\CMSC 828X\Assignments\HW2\Libraries\reactphysics3d-0.7.1\reactphysics3d-0.7.1\src\mathematics\Vector2.cpp">
      <Filter>Source Files</Filter>
    </ClCompile>
    <ClCompile Include="E:\UMD\Course\CMSC 828X\Assignments\HW2\Libraries\reactphysics3d-0.7.1\reactphysics3d-0.7.1\src\mathematics\Vector3.cpp">
      <Filter>Source Files</Filter>
    </ClCompile>
    <ClCompile Include="E:\UMD\Course\CMSC 828X\Assignments\HW2\Libraries\reactphysics3d-0.7.1\reactphysics3d-0.7.1\src\memory\DefaultPoolAllocator.cpp">
      <Filter>Source Files</Filter>
    </ClCompile>
    <ClCompile Include="E:\UMD\Course\CMSC 828X\Assignments\HW2\Libraries\reactphysics3d-0.7.1\reactphysics3d-0.7.1\src\memory\DefaultSingleFrameAllocator.cpp">
      <Filter>Source Files</Filter>
    </ClCompile>
    <ClCompile Include="E:\UMD\Course\CMSC 828X\Assignments\HW2\Libraries\reactphysics3d-0.7.1\reactphysics3d-0.7.1\src\memory\MemoryManager.cpp">
      <Filter>Source Files</Filter>
    </ClCompile>
    <ClCompile Include="E:\UMD\Course\CMSC 828X\Assignments\HW2\Libraries\reactphysics3d-0.7.1\reactphysics3d-0.7.1\src\utils\Profiler.cpp">
      <Filter>Source Files</Filter>
    </ClCompile>
    <ClCompile Include="E:\UMD\Course\CMSC 828X\Assignments\HW2\Libraries\reactphysics3d-0.7.1\reactphysics3d-0.7.1\src\utils\Logger.cpp">
      <Filter>Source Files</Filter>
    </ClCompile>
  </ItemGroup>
  <ItemGroup>
    <ClInclude Include="E:\UMD\Course\CMSC 828X\Assignments\HW2\Libraries\reactphysics3d-0.7.1\reactphysics3d-0.7.1\src\configuration.h">
      <Filter>Header Files</Filter>
    </ClInclude>
    <ClInclude Include="E:\UMD\Course\CMSC 828X\Assignments\HW2\Libraries\reactphysics3d-0.7.1\reactphysics3d-0.7.1\src\decimal.h">
      <Filter>Header Files</Filter>
    </ClInclude>
    <ClInclude Include="E:\UMD\Course\CMSC 828X\Assignments\HW2\Libraries\reactphysics3d-0.7.1\reactphysics3d-0.7.1\src\reactphysics3d.h">
      <Filter>Header Files</Filter>
    </ClInclude>
    <ClInclude Include="E:\UMD\Course\CMSC 828X\Assignments\HW2\Libraries\reactphysics3d-0.7.1\reactphysics3d-0.7.1\src\body\Body.h">
      <Filter>Header Files</Filter>
    </ClInclude>
    <ClInclude Include="E:\UMD\Course\CMSC 828X\Assignments\HW2\Libraries\reactphysics3d-0.7.1\reactphysics3d-0.7.1\src\body\CollisionBody.h">
      <Filter>Header Files</Filter>
    </ClInclude>
    <ClInclude Include="E:\UMD\Course\CMSC 828X\Assignments\HW2\Libraries\reactphysics3d-0.7.1\reactphysics3d-0.7.1\src\body\RigidBody.h">
      <Filter>Header Files</Filter>
    </ClInclude>
    <ClInclude Include="E:\UMD\Course\CMSC 828X\Assignments\HW2\Libraries\reactphysics3d-0.7.1\reactphysics3d-0.7.1\src\collision\ContactPointInfo.h">
      <Filter>Header Files</Filter>
    </ClInclude>
    <ClInclude Include="E:\UMD\Course\CMSC 828X\Assignments\HW2\Libraries\reactphysics3d-0.7.1\reactphysics3d-0.7.1\src\collision\ContactManifoldInfo.h">
      <Filter>Header Files</Filter>
    </ClInclude>
    <ClInclude Include="E:\UMD\Course\CMSC 828X\Assignments\HW2\Libraries\reactphysics3d-0.7.1\reactphysics3d-0.7.1\src\collision\broadphase\BroadPhaseAlgorithm.h">
      <Filter>Header Files</Filter>
    </ClInclude>
    <ClInclude Include="E:\UMD\Course\CMSC 828X\Assignments\HW2\Libraries\reactphysics3d-0.7.1\reactphysics3d-0.7.1\src\collision\broadphase\DynamicAABBTree.h">
      <Filter>Header Files</Filter>
    </ClInclude>
    <ClInclude Include="E:\UMD\Course\CMSC 828X\Assignments\HW2\Libraries\reactphysics3d-0.7.1\reactphysics3d-0.7.1\src\collision\narrowphase\CollisionDispatch.h">
      <Filter>Header Files</Filter>
    </ClInclude>
    <ClInclude Include="E:\UMD\Course\CMSC 828X\Assignments\HW2\Libraries\reactphysics3d-0.7.1\reactphysics3d-0.7.1\src\collision\narrowphase\DefaultCollisionDispatch.h">
      <Filter>Header Files</Filter>
    </ClInclude>
    <ClInclude Include="E:\UMD\Course\CMSC 828X\Assignments\HW2\Libraries\reactphysics3d-0.7.1\reactphysics3d-0.7.1\src\collision\narrowphase\GJK\VoronoiSimplex.h">
      <Filter>Header Files</Filter>
    </ClInclude>
    <ClInclude Include="E:\UMD\Course\CMSC 828X\Assignments\HW2\Libraries\reactphysics3d-0.7.1\reactphysics3d-0.7.1\src\collision\narrowphase\GJK\GJKAlgorithm.h">
      <Filter>Header Files</Filter>
    </ClInclude>
    <ClInclude Include="E:\UMD\Course\CMSC 828X\Assignments\HW2\Libraries\reactphysics3d-0.7.1\reactphysics3d-0.7.1\src\collision\narrowphase\SAT\SATAlgorithm.h">
      <Filter>Header Files</Filter>
    </ClInclude>
    <ClInclude Include="E:\UMD\Course\CMSC 828X\Assignments\HW2\Libraries\reactphysics3d-0.7.1\reactphysics3d-0.7.1\src\collision\narrowphase\NarrowPhaseAlgorithm.h">
      <Filter>Header Files</Filter>
    </ClInclude>
    <ClInclude Include="E:\UMD\Course\CMSC 828X\Assignments\HW2\Libraries\reactphysics3d-0.7.1\reactphysics3d-0.7.1\src\collision\narrowphase\SphereVsSphereAlgorithm.h">
      <Filter>Header Files</Filter>
    </ClInclude>
    <ClInclude Include="E:\UMD\Course\CMSC 828X\Assignments\HW2\Libraries\reactphysics3d-0.7.1\reactphysics3d-0.7.1\src\collision\narrowphase\CapsuleVsCapsuleAlgorithm.h">
      <Filter>Header Files</Filter>
    </ClInclude>
    <ClInclude Include="E:\UMD\Course\CMSC 828X\Assignments\HW2\Libraries\reactphysics3d-0.7.1\reactphysics3d-0.7.1\src\collision\narrowphase\SphereVsCapsuleAlgorithm.h">
      <Filter>Header Files</Filter>
    </ClInclude>
    <ClInclude Include="E:\UMD\Course\CMSC 828X\Assignments\HW2\Libraries\reactphysics3d-0.7.1\reactphysics3d-0.7.1\src\collision\narrowphase\SphereVsConvexPolyhedronAlgorithm.h">
      <Filter>Header Files</Filter>
    </ClInclude>
    <ClInclude Include="E:\UMD\Course\CMSC 828X\Assignments\HW2\Libraries\reactphysics3d-0.7.1\reactphysics3d-0.7.1\src\collision\narrowphase\CapsuleVsConvexPolyhedronAlgorithm.h">
      <Filter>Header Files</Filter>
    </ClInclude>
    <ClInclude Include="E:\UMD\Course\CMSC 828X\Assignments\HW2\Libraries\reactphysics3d-0.7.1\reactphysics3d-0.7.1\src\collision\narrowphase\ConvexPolyhedronVsConvexPolyhedronAlgorithm.h">
      <Filter>Header Files</Filter>
    </ClInclude>
    <ClInclude Include="E:\UMD\Course\CMSC 828X\Assignments\HW2\Libraries\reactphysics3d-0.7.1\reactphysics3d-0.7.1\src\collision\shapes\AABB.h">
      <Filter>Header Files</Filter>
    </ClInclude>
    <ClInclude Include="E:\UMD\Course\CMSC 828X\Assignments\HW2\Libraries\reactphysics3d-0.7.1\reactphysics3d-0.7.1\src\collision\shapes\ConvexShape.h">
      <Filter>Header Files</Filter>
    </ClInclude>
    <ClInclude Include="E:\UMD\Course\CMSC 828X\Assignments\HW2\Libraries\reactphysics3d-0.7.1\reactphysics3d-0.7.1\src\collision\shapes\ConvexPolyhedronShape.h">
      <Filter>Header Files</Filter>
    </ClInclude>
    <ClInclude Include="E:\UMD\Course\CMSC 828X\Assignments\HW2\Libraries\reactphysics3d-0.7.1\reactphysics3d-0.7.1\src\collision\shapes\ConcaveShape.h">
      <Filter>Header Files</Filter>
    </ClInclude>
    <ClInclude Include="E:\UMD\Course\CMSC 828X\Assignments\HW2\Libraries\reactphysics3d-0.7.1\reactphysics3d-0.7.1\src\collision\shapes\BoxShape.h">
      <Filter>Header Files</Filter>
    </ClInclude>
    <ClInclude Include="E:\UMD\Course\CMSC 828X\Assignments\HW2\Libraries\reactphysics3d-0.7.1\reactphysics3d-0.7.1\src\collision\shapes\CapsuleShape.h">
      <Filter>Header Files</Filter>
    </ClInclude>
    <ClInclude Include="E:\UMD\Course\CMSC 828X\Assignments\HW2\Libraries\reactphysics3d-0.7.1\reactphysics3d-0.7.1\src\collision\shapes\CollisionShape.h">
      <Filter>Header Files</Filter>
    </ClInclude>
    <ClInclude Include="E:\UMD\Course\CMSC 828X\Assignments\HW2\Libraries\reactphysics3d-0.7.1\reactphysics3d-0.7.1\src\collision\shapes\ConvexMeshShape.h">
      <Filter>Header Files</Filter>
    </ClInclude>
    <ClInclude Include="E:\UMD\Course\CMSC 828X\Assignments\HW2\Libraries\reactphysics3d-0.7.1\reactphysics3d-0.7.1\src\collision\shapes\SphereShape.h">
      <Filter>Header Files</Filter>
    </ClInclude>
    <ClInclude Include="E:\UMD\Course\CMSC 828X\Assignments\HW2\Libraries\reactphysics3d-0.7.1\reactphysics3d-0.7.1\src\collision\shapes\TriangleShape.h">
      <Filter>Header Files</Filter>
    </ClInclude>
    <ClInclude Include="E:\UMD\Course\CMSC 828X\Assignments\HW2\Libraries\reactphysics3d-0.7.1\reactphysics3d-0.7.1\src\collision\shapes\ConcaveMeshShape.h">
      <Filter>Header Files</Filter>
    </ClInclude>
    <ClInclude Include="E:\UMD\Course\CMSC 828X\Assignments\HW2\Libraries\reactphysics3d-0.7.1\reactphysics3d-0.7.1\src\collision\shapes\HeightFieldShape.h">
      <Filter>Header Files</Filter>
    </ClInclude>
    <ClInclude Include="E:\UMD\Course\CMSC 828X\Assignments\HW2\Libraries\reactphysics3d-0.7.1\reactphysics3d-0.7.1\src\collision\RaycastInfo.h">
      <Filter>Header Files</Filter>
    </ClInclude>
    <ClInclude Include="E:\UMD\Course\CMSC 828X\Assignments\HW2\Libraries\reactphysics3d-0.7.1\reactphysics3d-0.7.1\src\collision\ProxyShape.h">
      <Filter>Header Files</Filter>
    </ClInclude>
    <ClInclude Include="E:\UMD\Course\CMSC 828X\Assignments\HW2\Libraries\reactphysics3d-0.7.1\reactphysics3d-0.7.1\src\collision\TriangleVertexArray.h">
      <Filter>Header Files</Filter>
    </ClInclude>
    <ClInclude Include="E:\UMD\Course\CMSC 828X\Assignments\HW2\Libraries\reactphysics3d-0.7.1\reactphysics3d-0.7.1\src\collision\PolygonVertexArray.h">
      <Filter>Header Files</Filter>
    </ClInclude>
    <ClInclude Include="E:\UMD\Course\CMSC 828X\Assignments\HW2\Libraries\reactphysics3d-0.7.1\reactphysics3d-0.7.1\src\collision\TriangleMesh.h">
      <Filter>Header Files</Filter>
    </ClInclude>
    <ClInclude Include="E:\UMD\Course\CMSC 828X\Assignments\HW2\Libraries\reactphysics3d-0.7.1\reactphysics3d-0.7.1\src\collision\PolyhedronMesh.h">
      <Filter>Header Files</Filter>
    </ClInclude>
    <ClInclude Include="E:\UMD\Course\CMSC 828X\Assignments\HW2\Libraries\reactphysics3d-0.7.1\reactphysics3d-0.7.1\src\collision\HalfEdgeStructure.h">
      <Filter>Header Files</Filter>
    </ClInclude>
    <ClInclude Include="E:\UMD\Course\CMSC 828X\Assignments\HW2\Libraries\reactphysics3d-0.7.1\reactphysics3d-0.7.1\src\collision\CollisionDetection.h">
      <Filter>Header Files</Filter>
    </ClInclude>
    <ClInclude Include="E:\UMD\Course\CMSC 828X\Assignments\HW2\Libraries\reactphysics3d-0.7.1\reactphysics3d-0.7.1\src\collision\NarrowPhaseInfo.h">
      <Filter>Header Files</Filter>
    </ClInclude>
    <ClInclude Include="E:\UMD\Course\CMSC 828X\Assignments\HW2\Libraries\reactphysics3d-0.7.1\reactphysics3d-0.7.1\src\collision\ContactManifold.h">
      <Filter>Header Files</Filter>
    </ClInclude>
    <ClInclude Include="E:\UMD\Course\CMSC 828X\Assignments\HW2\Libraries\reactphysics3d-0.7.1\reactphysics3d-0.7.1\src\collision\ContactManifoldSet.h">
      <Filter>Header Files</Filter>
    </ClInclude>
    <ClInclude Include="E:\UMD\Course\CMSC 828X\Assignments\HW2\Libraries\reactphysics3d-0.7.1\reactphysics3d-0.7.1\src\collision\MiddlePhaseTriangleCallback.h">
      <Filter>Header Files</Filter>
    </ClInclude>
    <ClInclude Include="E:\UMD\Course\CMSC 828X\Assignments\HW2\Libraries\reactphysics3d-0.7.1\reactphysics3d-0.7.1\src\constraint\BallAndSocketJoint.h">
      <Filter>Header Files</Filter>
    </ClInclude>
    <ClInclude Include="E:\UMD\Course\CMSC 828X\Assignments\HW2\Libraries\reactphysics3d-0.7.1\reactphysics3d-0.7.1\src\constraint\ContactPoint.h">
      <Filter>Header Files</Filter>
    </ClInclude>
    <ClInclude Include="E:\UMD\Course\CMSC 828X\Assignments\HW2\Libraries\reactphysics3d-0.7.1\reactphysics3d-0.7.1\src\constraint\FixedJoint.h">
      <Filter>Header Files</Filter>
    </ClInclude>
    <ClInclude Include="E:\UMD\Course\CMSC 828X\Assignments\HW2\Libraries\reactphysics3d-0.7.1\reactphysics3d-0.7.1\src\constraint\HingeJoint.h">
      <Filter>Header Files</Filter>
    </ClInclude>
    <ClInclude Include="E:\UMD\Course\CMSC 828X\Assignments\HW2\Libraries\reactphysics3d-0.7.1\reactphysics3d-0.7.1\src\constraint\Joint.h">
      <Filter>Header Files</Filter>
    </ClInclude>
    <ClInclude Include="E:\UMD\Course\CMSC 828X\Assignments\HW2\Libraries\reactphysics3d-0.7.1\reactphysics3d-0.7.1\src\constraint\SliderJoint.h">
      <Filter>Header Files</Filter>
    </ClInclude>
    <ClInclude Include="E:\UMD\Course\CMSC 828X\Assignments\HW2\Libraries\reactphysics3d-0.7.1\reactphysics3d-0.7.1\src\engine\CollisionWorld.h">
      <Filter>Header Files</Filter>
    </ClInclude>
    <ClInclude Include="E:\UMD\Course\CMSC 828X\Assignments\HW2\Libraries\reactphysics3d-0.7.1\reactphysics3d-0.7.1\src\engine\ConstraintSolver.h">
      <Filter>Header Files</Filter>
    </ClInclude>
    <ClInclude Include="E:\UMD\Course\CMSC 828X\Assignments\HW2\Libraries\reactphysics3d-0.7.1\reactphysics3d-0.7.1\src\engine\ContactSolver.h">
      <Filter>Header Files</Filter>
    </ClInclude>
    <ClInclude Include="E:\UMD\Course\CMSC 828X\Assignments\HW2\Libraries\reactphysics3d-0.7.1\reactphysics3d-0.7.1\src\engine\DynamicsWorld.h">
      <Filter>Header Files</Filter>
    </ClInclude>
    <ClInclude Include="E:\UMD\Course\CMSC 828X\Assignments\HW2\Libraries\reactphysics3d-0.7.1\reactphysics3d-0.7.1\src\engine\EventListener.h">
      <Filter>Header Files</Filter>
    </ClInclude>
    <ClInclude Include="E:\UMD\Course\CMSC 828X\Assignments\HW2\Libraries\reactphysics3d-0.7.1\reactphysics3d-0.7.1\src\engine\Island.h">
      <Filter>Header Files</Filter>
    </ClInclude>
    <ClInclude Include="E:\UMD\Course\CMSC 828X\Assignments\HW2\Libraries\reactphysics3d-0.7.1\reactphysics3d-0.7.1\src\engine\Material.h">
      <Filter>Header Files</Filter>
    </ClInclude>
    <ClInclude Include="E:\UMD\Course\CMSC 828X\Assignments\HW2\Libraries\reactphysics3d-0.7.1\reactphysics3d-0.7.1\src\engine\OverlappingPair.h">
      <Filter>Header Files</Filter>
    </ClInclude>
    <ClInclude Include="E:\UMD\Course\CMSC 828X\Assignments\HW2\Libraries\reactphysics3d-0.7.1\reactphysics3d-0.7.1\src\engine\Timer.h">
      <Filter>Header Files</Filter>
    </ClInclude>
    <ClInclude Include="E:\UMD\Course\CMSC 828X\Assignments\HW2\Libraries\reactphysics3d-0.7.1\reactphysics3d-0.7.1\src\collision\CollisionCallback.h">
      <Filter>Header Files</Filter>
    </ClInclude>
    <ClInclude Include="E:\UMD\Course\CMSC 828X\Assignments\HW2\Libraries\reactphysics3d-0.7.1\reactphysics3d-0.7.1\src\collision\OverlapCallback.h">
      <Filter>Header Files</Filter>
    </ClInclude>
    <ClInclude Include="E:\UMD\Course\CMSC 828X\Assignments\HW2\Libraries\reactphysics3d-0.7.1\reactphysics3d-0.7.1\src\mathematics\mathematics.h">
      <Filter>Header Files</Filter>
    </ClInclude>
    <ClInclude Include="E:\UMD\Course\CMSC 828X\Assignments\HW2\Libraries\reactphysics3d-0.7.1\reactphysics3d-0.7.1\src\mathematics\mathematics_functions.h">
      <Filter>Header Files</Filter>
    </ClInclude>
    <ClInclude Include="E:\UMD\Course\CMSC 828X\Assignments\HW2\Libraries\reactphysics3d-0.7.1\reactphysics3d-0.7.1\src\mathematics\Matrix2x2.h">
      <Filter>Header Files</Filter>
    </ClInclude>
    <ClInclude Include="E:\UMD\Course\CMSC 828X\Assignments\HW2\Libraries\reactphysics3d-0.7.1\reactphysics3d-0.7.1\src\mathematics\Matrix3x3.h">
      <Filter>Header Files</Filter>
    </ClInclude>
    <ClInclude Include="E:\UMD\Course\CMSC 828X\Assignments\HW2\Libraries\reactphysics3d-0.7.1\reactphysics3d-0.7.1\src\mathematics\Quaternion.h">
      <Filter>Header Files</Filter>
    </ClInclude>
    <ClInclude Include="E:\UMD\Course\CMSC 828X\Assignments\HW2\Libraries\reactphysics3d-0.7.1\reactphysics3d-0.7.1\src\mathematics\Transform.h">
      <Filter>Header Files</Filter>
    </ClInclude>
    <ClInclude Include="E:\UMD\Course\CMSC 828X\Assignments\HW2\Libraries\reactphysics3d-0.7.1\reactphysics3d-0.7.1\src\mathematics\Vector2.h">
      <Filter>Header Files</Filter>
    </ClInclude>
    <ClInclude Include="E:\UMD\Course\CMSC 828X\Assignments\HW2\Libraries\reactphysics3d-0.7.1\reactphysics3d-0.7.1\src\mathematics\Vector3.h">
      <Filter>Header Files</Filter>
    </ClInclude>
    <ClInclude Include="E:\UMD\Course\CMSC 828X\Assignments\HW2\Libraries\reactphysics3d-0.7.1\reactphysics3d-0.7.1\src\mathematics\Ray.h">
      <Filter>Header Files</Filter>
    </ClInclude>
    <ClInclude Include="E:\UMD\Course\CMSC 828X\Assignments\HW2\Libraries\reactphysics3d-0.7.1\reactphysics3d-0.7.1\src\memory\MemoryAllocator.h">
      <Filter>Header Files</Filter>
    </ClInclude>
    <ClInclude Include="E:\UMD\Course\CMSC 828X\Assignments\HW2\Libraries\reactphysics3d-0.7.1\reactphysics3d-0.7.1\src\memory\DefaultPoolAllocator.h">
      <Filter>Header Files</Filter>
    </ClInclude>
    <ClInclude Include="E:\UMD\Course\CMSC 828X\Assignments\HW2\Libraries\reactphysics3d-0.7.1\reactphysics3d-0.7.1\src\memory\DefaultSingleFrameAllocator.h">
      <Filter>Header Files</Filter>
    </ClInclude>
    <ClInclude Include="E:\UMD\Course\CMSC 828X\Assignments\HW2\Libraries\reactphysics3d-0.7.1\reactphysics3d-0.7.1\src\memory\DefaultAllocator.h">
      <Filter>Header Files</Filter>
    </ClInclude>
    <ClInclude Include="E:\UMD\Course\CMSC 828X\Assignments\HW2\Libraries\reactphysics3d-0.7.1\reactphysics3d-0.7.1\src\memory\MemoryManager.h">
      <Filter>Header Files</Filter>
    </ClInclude>
    <ClInclude Include="E:\UMD\Course\CMSC 828X\Assignments\HW2\Libraries\reactphysics3d-0.7.1\reactphysics3d-0.7.1\src\containers\Stack.h">
      <Filter>Header Files</Filter>
    </ClInclude>
    <ClInclude Include="E:\UMD\Course\CMSC 828X\Assignments\HW2\Libraries\reactphysics3d-0.7.1\reactphysics3d-0.7.1\src\containers\LinkedList.h">
      <Filter>Header Files</Filter>
    </ClInclude>
    <ClInclude Include="E:\UMD\Course\CMSC 828X\Assignments\HW2\Libraries\reactphysics3d-0.7.1\reactphysics3d-0.7.1\src\containers\List.h">
      <Filter>Header Files</Filter>
    </ClInclude>
    <ClInclude Include="E:\UMD\Course\CMSC 828X\Assignments\HW2\Libraries\reactphysics3d-0.7.1\reactphysics3d-0.7.1\src\containers\Map.h">
      <Filter>Header Files</Filter>
    </ClInclude>
    <ClInclude Include="E:\UMD\Course\CMSC 828X\Assignments\HW2\Libraries\reactphysics3d-0.7.1\reactphysics3d-0.7.1\src\containers\Set.h">
      <Filter>Header Files</Filter>
    </ClInclude>
    <ClInclude Include="E:\UMD\Course\CMSC 828X\Assignments\HW2\Libraries\reactphysics3d-0.7.1\reactphysics3d-0.7.1\src\containers\Pair.h">
      <Filter>Header Files</Filter>
    </ClInclude>
    <ClInclude Include="E:\UMD\Course\CMSC 828X\Assignments\HW2\Libraries\reactphysics3d-0.7.1\reactphysics3d-0.7.1\src\utils\Profiler.h">
      <Filter>Header Files</Filter>
    </ClInclude>
    <ClInclude Include="E:\UMD\Course\CMSC 828X\Assignments\HW2\Libraries\reactphysics3d-0.7.1\reactphysics3d-0.7.1\src\utils\Logger.h">
      <Filter>Header Files</Filter>
    </ClInclude>
  </ItemGroup>
  <ItemGroup>
    <CustomBuild Include="E:\UMD\Course\CMSC 828X\Assignments\HW2\Libraries\reactphysics3d-0.7.1\reactphysics3d-0.7.1\CMakeLists.txt" />
  </ItemGroup>
  <ItemGroup>
    <Filter Include="Header Files">
      <UniqueIdentifier>{050E5376-AED3-32AC-9340-F732AC46F77E}</UniqueIdentifier>
    </Filter>
    <Filter Include="Source Files">
      <UniqueIdentifier>{5DC47006-D164-3396-80F1-558380C199AD}</UniqueIdentifier>
    </Filter>
  </ItemGroup>
</Project>
