
Microsoft Visual Studio Solution File, Format Version 12.00
# Visual Studio 16
Project("{FAE04EC0-301F-11D3-BF4B-00C04F79EFBC}") = "Assembly-CSharp", "Assembly-CSharp.csproj", "{64CB193E-178F-24CD-8C61-085AEA6D1ADD}"
EndProject
Project("{FAE04EC0-301F-11D3-BF4B-00C04F79EFBC}") = "BulletUnity", "BulletUnity.csproj", "{15ABA617-0A53-7A34-B530-2BDD2E009FF5}"
EndProject
Project("{FAE04EC0-301F-11D3-BF4B-00C04F79EFBC}") = "Assembly-CSharp-Editor", "Assembly-CSharp-Editor.csproj", "{8919EAA2-35CB-8D7C-AADA-C152878D19C6}"
EndProject
Global
	GlobalSection(SolutionConfigurationPlatforms) = preSolution
		Debug|Any CPU = Debug|Any CPU
		Release|Any CPU = Release|Any CPU
	EndGlobalSection
	GlobalSection(ProjectConfigurationPlatforms) = postSolution
		{64CB193E-178F-24CD-8C61-085AEA6D1ADD}.Debug|Any CPU.ActiveCfg = Debug|Any CPU
		{64CB193E-178F-24CD-8C61-085AEA6D1ADD}.Debug|Any CPU.Build.0 = Debug|Any CPU
		{64CB193E-178F-24CD-8C61-085AEA6D1ADD}.Release|Any CPU.ActiveCfg = Release|Any CPU
		{64CB193E-178F-24CD-8C61-085AEA6D1ADD}.Release|Any CPU.Build.0 = Release|Any CPU
		{15ABA617-0A53-7A34-B530-2BDD2E009FF5}.Debug|Any CPU.ActiveCfg = Debug|Any CPU
		{15ABA617-0A53-7A34-B530-2BDD2E009FF5}.Debug|Any CPU.Build.0 = Debug|Any CPU
		{15ABA617-0A53-7A34-B530-2BDD2E009FF5}.Release|Any CPU.ActiveCfg = Release|Any CPU
		{15ABA617-0A53-7A34-B530-2BDD2E009FF5}.Release|Any CPU.Build.0 = Release|Any CPU
		{8919EAA2-35CB-8D7C-AADA-C152878D19C6}.Debug|Any CPU.ActiveCfg = Debug|Any CPU
		{8919EAA2-35CB-8D7C-AADA-C152878D19C6}.Debug|Any CPU.Build.0 = Debug|Any CPU
		{8919EAA2-35CB-8D7C-AADA-C152878D19C6}.Release|Any CPU.ActiveCfg = Release|Any CPU
		{8919EAA2-35CB-8D7C-AADA-C152878D19C6}.Release|Any CPU.Build.0 = Release|Any CPU
	EndGlobalSection
	GlobalSection(SolutionProperties) = preSolution
		HideSolutionNode = FALSE
	EndGlobalSection
EndGlobal
